<?xml version="1.0" encoding="utf-8"?>
<Project ToolsVersion="4.0" xmlns="http://schemas.microsoft.com/developer/msbuild/2003">
  <ItemGroup>
    <Filter Include="Source Files">
      <UniqueIdentifier>{4FC737F1-C7A5-4376-A066-2A32D752A2FF}</UniqueIdentifier>
      <Extensions>cpp;c;cc;cxx;def;odl;idl;hpj;bat;asm;asmx</Extensions>
    </Filter>
    <Filter Include="Header Files">
      <UniqueIdentifier>{93995380-89BD-4b04-88EB-625FBE52EBFB}</UniqueIdentifier>
      <Extensions>h;hh;hpp;hxx;hm;inl;inc;ipp;xsd</Extensions>
    </Filter>
    <Filter Include="Resource Files">
      <UniqueIdentifier>{67DA6AB6-F800-4c08-8B7A-83BB121AAD01}</UniqueIdentifier>
      <Extensions>rc;ico;cur;bmp;dlg;rc2;rct;bin;rgs;gif;jpg;jpeg;jpe;resx;tiff;tif;png;wav;mfcribbon-ms</Extensions>
    </Filter>
  </ItemGroup>
  <ItemGroup>
    <ClCompile Include="Prisijungimas.cpp">
      <Filter>Source Files</Filter>
    </ClCompile>
    <ClCompile Include="Pagrindinis.cpp">
      <Filter>Source Files</Filter>
    </ClCompile>
    <ClCompile Include="Registravimas.cpp">
      <Filter>Source Files</Filter>
    </ClCompile>
    <ClCompile Include="PagrindinisMeniu.cpp">
      <Filter>Source Files</Filter>
    </ClCompile>
    <ClCompile Include="NaujasOroUostas.cpp">
      <Filter>Source Files</Filter>
    </ClCompile>
    <ClCompile Include="RedaguotiOroUostus.cpp">
      <Filter>Source Files</Filter>
    </ClCompile>
    <ClCompile Include="SkrydziuApskaita.cpp">
      <Filter>Source Files</Filter>
    </ClCompile>
    <ClCompile Include="NaujasSkrydis.cpp">
      <Filter>Source Files</Filter>
    </ClCompile>
    <ClCompile Include="Apie.cpp">
      <Filter>Source Files</Filter>
    </ClCompile>
    <ClCompile Include="NaujasLektuvas.cpp">
      <Filter>Source Files</Filter>
    </ClCompile>
    <ClCompile Include="RedaguotiLektuvus.cpp">
      <Filter>Source Files</Filter>
    </ClCompile>
    <ClCompile Include="RedaguotiSkrydzius.cpp">
      <Filter>Source Files</Filter>
    </ClCompile>
    <ClCompile Include="Statistikos.cpp">
      <Filter>Source Files</Filter>
    </ClCompile>
  </ItemGroup>
  <ItemGroup>
    <ClInclude Include="Prisijungimas.h">
      <Filter>Header Files</Filter>
    </ClInclude>
    <ClInclude Include="KintamiejiKlases.h">
      <Filter>Resource Files</Filter>
    </ClInclude>
    <ClInclude Include="Registravimas.h">
      <Filter>Header Files</Filter>
    </ClInclude>
    <ClInclude Include="PagrindinisMeniu.h">
      <Filter>Header Files</Filter>
    </ClInclude>
    <ClInclude Include="NaujasOroUostas.h">
      <Filter>Header Files</Filter>
    </ClInclude>
    <ClInclude Include="RedaguotiOroUostus.h">
      <Filter>Header Files</Filter>
    </ClInclude>
    <ClInclude Include="SkrydziuApskaita.h">
      <Filter>Header Files</Filter>
    </ClInclude>
    <ClInclude Include="NaujasSkrydis.h">
      <Filter>Header Files</Filter>
    </ClInclude>
    <ClInclude Include="Apie.h">
      <Filter>Header Files</Filter>
    </ClInclude>
    <ClInclude Include="NaujasLektuvas.h">
      <Filter>Header Files</Filter>
    </ClInclude>
    <ClInclude Include="RedaguotiLektuvus.h">
      <Filter>Header Files</Filter>
    </ClInclude>
    <ClInclude Include="RedaguotiSkrydzius.h">
      <Filter>Header Files</Filter>
    </ClInclude>
    <ClInclude Include="Statistikos.h">
      <Filter>Header Files</Filter>
    </ClInclude>
  </ItemGroup>
  <ItemGroup>
    <EmbeddedResource Include="Registravimas.resx">
      <Filter>Resource Files</Filter>
    </EmbeddedResource>
    <EmbeddedResource Include="Prisijungimas.resx">
      <Filter>Resource Files</Filter>
    </EmbeddedResource>
    <EmbeddedResource Include="PagrindinisMeniu.resx">
      <Filter>Resource Files</Filter>
    </EmbeddedResource>
    <EmbeddedResource Include="NaujasOroUostas.resx">
      <Filter>Resource Files</Filter>
    </EmbeddedResource>
    <EmbeddedResource Include="RedaguotiOroUostus.resx">
      <Filter>Resource Files</Filter>
    </EmbeddedResource>
    <EmbeddedResource Include="SkrydziuApskaita.resx">
      <Filter>Resource Files</Filter>
    </EmbeddedResource>
    <EmbeddedResource Include="NaujasSkrydis.resx">
      <Filter>Resource Files</Filter>
    </EmbeddedResource>
    <EmbeddedResource Include="Apie.resx">
      <Filter>Resource Files</Filter>
    </EmbeddedResource>
    <EmbeddedResource Include="NaujasLektuvas.resx">
      <Filter>Resource Files</Filter>
    </EmbeddedResource>
    <EmbeddedResource Include="RedaguotiLektuvus.resx">
      <Filter>Resource Files</Filter>
    </EmbeddedResource>
    <EmbeddedResource Include="RedaguotiSkrydzius.resx">
      <Filter>Resource Files</Filter>
    </EmbeddedResource>
    <EmbeddedResource Include="Statistikos.resx">
      <Filter>Resource Files</Filter>
    </EmbeddedResource>
  </ItemGroup>
</Project>